
Microsoft Visual Studio Solution File, Format Version 12.00
# Visual Studio 14
VisualStudioVersion = 14.0.25420.1
MinimumVisualStudioVersion = 10.0.40219.1
Project("{FAE04EC0-301F-11D3-BF4B-00C04F79EFBC}") = "StarDrive", "StarDrive.csproj", "{8071E07A-300E-485D-B139-066E15E82178}"
EndProject
Project("{8BC9CEB8-8B4A-11D0-8D11-00A0C91BC942}") = "SDNative", "SDNative\SDNative.vcxproj", "{6EFFF2A1-1BBD-4B27-B2A6-E246C7A74680}"
EndProject
Global
	GlobalSection(SolutionConfigurationPlatforms) = preSolution
		BlackBox_RadicalElements_RC_16_|x64 = BlackBox_RadicalElements_RC_16_|x64
		BlackBox_RadicalElements_RC_16_|x86 = BlackBox_RadicalElements_RC_16_|x86
		BlackBox_UNSTABLE_|x64 = BlackBox_UNSTABLE_|x64
		BlackBox_UNSTABLE_|x86 = BlackBox_UNSTABLE_|x86
		Crunchies-Debug|x64 = Crunchies-Debug|x64
		Crunchies-Debug|x86 = Crunchies-Debug|x86
		Crunchies-LocalRelease|x64 = Crunchies-LocalRelease|x64
		Crunchies-LocalRelease|x86 = Crunchies-LocalRelease|x86
		Debug|x64 = Debug|x64
		Debug|x86 = Debug|x86
		Deploy|x64 = Deploy|x64
		Deploy|x86 = Deploy|x86
		Docs Debug|x64 = Docs Debug|x64
		Docs Debug|x86 = Docs Debug|x86
		McShooterz|x64 = McShooterz|x64
		McShooterz|x86 = McShooterz|x86
		RedFox-Debug|x64 = RedFox-Debug|x64
		RedFox-Debug|x86 = RedFox-Debug|x86
		Release|x64 = Release|x64
		Release|x86 = Release|x86
	EndGlobalSection
	GlobalSection(ProjectConfigurationPlatforms) = postSolution
		{8071E07A-300E-485D-B139-066E15E82178}.BlackBox_RadicalElements_RC_16_|x64.ActiveCfg = BlackBox_RadicalElements_RC_16_|x86
		{8071E07A-300E-485D-B139-066E15E82178}.BlackBox_RadicalElements_RC_16_|x86.ActiveCfg = BlackBox_RadicalElements_RC_16_|x86
		{8071E07A-300E-485D-B139-066E15E82178}.BlackBox_RadicalElements_RC_16_|x86.Build.0 = BlackBox_RadicalElements_RC_16_|x86
		{8071E07A-300E-485D-B139-066E15E82178}.BlackBox_UNSTABLE_|x64.ActiveCfg = Gretman's Debug|x86
		{8071E07A-300E-485D-B139-066E15E82178}.BlackBox_UNSTABLE_|x64.Build.0 = Gretman's Debug|x86
		{8071E07A-300E-485D-B139-066E15E82178}.BlackBox_UNSTABLE_|x86.ActiveCfg = BlackBox_UNSTABLE_Test_RC_16_|x86
		{8071E07A-300E-485D-B139-066E15E82178}.BlackBox_UNSTABLE_|x86.Build.0 = BlackBox_UNSTABLE_Test_RC_16_|x86
		{8071E07A-300E-485D-B139-066E15E82178}.Crunchies-Debug|x64.ActiveCfg = Crunchies-Debug|x86
		{8071E07A-300E-485D-B139-066E15E82178}.Crunchies-Debug|x86.ActiveCfg = Crunchies-Debug|x86
		{8071E07A-300E-485D-B139-066E15E82178}.Crunchies-Debug|x86.Build.0 = Crunchies-Debug|x86
		{8071E07A-300E-485D-B139-066E15E82178}.Crunchies-LocalRelease|x64.ActiveCfg = Crunchies-LocalRelease|x86
		{8071E07A-300E-485D-B139-066E15E82178}.Crunchies-LocalRelease|x86.ActiveCfg = Crunchies-LocalRelease|x86
		{8071E07A-300E-485D-B139-066E15E82178}.Crunchies-LocalRelease|x86.Build.0 = Crunchies-LocalRelease|x86
		{8071E07A-300E-485D-B139-066E15E82178}.Debug|x64.ActiveCfg = Debug|x86
		{8071E07A-300E-485D-B139-066E15E82178}.Debug|x86.ActiveCfg = Debug|x86
		{8071E07A-300E-485D-B139-066E15E82178}.Debug|x86.Build.0 = Debug|x86
		{8071E07A-300E-485D-B139-066E15E82178}.Deploy|x64.ActiveCfg = Deploy|x86
		{8071E07A-300E-485D-B139-066E15E82178}.Deploy|x86.ActiveCfg = Deploy|x86
		{8071E07A-300E-485D-B139-066E15E82178}.Deploy|x86.Build.0 = Deploy|x86
		{8071E07A-300E-485D-B139-066E15E82178}.Docs Debug|x64.ActiveCfg = Docs Debug|x86
		{8071E07A-300E-485D-B139-066E15E82178}.Docs Debug|x86.ActiveCfg = Docs Debug|x86
		{8071E07A-300E-485D-B139-066E15E82178}.Docs Debug|x86.Build.0 = Docs Debug|x86
		{8071E07A-300E-485D-B139-066E15E82178}.McShooterz|x64.ActiveCfg = McShooterz|x86
		{8071E07A-300E-485D-B139-066E15E82178}.McShooterz|x86.ActiveCfg = McShooterz|x86
		{8071E07A-300E-485D-B139-066E15E82178}.McShooterz|x86.Build.0 = McShooterz|x86
		{8071E07A-300E-485D-B139-066E15E82178}.RedFox-Debug|x64.ActiveCfg = RedFox-Debug|x86
		{8071E07A-300E-485D-B139-066E15E82178}.RedFox-Debug|x86.ActiveCfg = RedFox-Debug|x86
		{8071E07A-300E-485D-B139-066E15E82178}.RedFox-Debug|x86.Build.0 = RedFox-Debug|x86
		{8071E07A-300E-485D-B139-066E15E82178}.Release|x64.ActiveCfg = Release|x86
		{8071E07A-300E-485D-B139-066E15E82178}.Release|x86.ActiveCfg = Release|x86
		{8071E07A-300E-485D-B139-066E15E82178}.Release|x86.Build.0 = Release|x86
		{6EFFF2A1-1BBD-4B27-B2A6-E246C7A74680}.BlackBox_RadicalElements_RC_16_|x64.ActiveCfg = Release|x64
		{6EFFF2A1-1BBD-4B27-B2A6-E246C7A74680}.BlackBox_RadicalElements_RC_16_|x64.Build.0 = Release|x64
		{6EFFF2A1-1BBD-4B27-B2A6-E246C7A74680}.BlackBox_RadicalElements_RC_16_|x86.ActiveCfg = Release|Win32
		{6EFFF2A1-1BBD-4B27-B2A6-E246C7A74680}.BlackBox_RadicalElements_RC_16_|x86.Build.0 = Release|Win32
		{6EFFF2A1-1BBD-4B27-B2A6-E246C7A74680}.BlackBox_UNSTABLE_|x64.ActiveCfg = Release|x64
		{6EFFF2A1-1BBD-4B27-B2A6-E246C7A74680}.BlackBox_UNSTABLE_|x64.Build.0 = Release|x64
		{6EFFF2A1-1BBD-4B27-B2A6-E246C7A74680}.BlackBox_UNSTABLE_|x86.ActiveCfg = Release|Win32
		{6EFFF2A1-1BBD-4B27-B2A6-E246C7A74680}.BlackBox_UNSTABLE_|x86.Build.0 = Release|Win32
		{6EFFF2A1-1BBD-4B27-B2A6-E246C7A74680}.Crunchies-Debug|x64.ActiveCfg = Debug|x64
		{6EFFF2A1-1BBD-4B27-B2A6-E246C7A74680}.Crunchies-Debug|x64.Build.0 = Debug|x64
		{6EFFF2A1-1BBD-4B27-B2A6-E246C7A74680}.Crunchies-Debug|x86.ActiveCfg = Debug|Win32
		{6EFFF2A1-1BBD-4B27-B2A6-E246C7A74680}.Crunchies-Debug|x86.Build.0 = Debug|Win32
		{6EFFF2A1-1BBD-4B27-B2A6-E246C7A74680}.Crunchies-LocalRelease|x64.ActiveCfg = Release|x64
		{6EFFF2A1-1BBD-4B27-B2A6-E246C7A74680}.Crunchies-LocalRelease|x64.Build.0 = Release|x64
		{6EFFF2A1-1BBD-4B27-B2A6-E246C7A74680}.Crunchies-LocalRelease|x86.ActiveCfg = Release|Win32
		{6EFFF2A1-1BBD-4B27-B2A6-E246C7A74680}.Crunchies-LocalRelease|x86.Build.0 = Release|Win32
		{6EFFF2A1-1BBD-4B27-B2A6-E246C7A74680}.Debug|x64.ActiveCfg = Debug|x64
		{6EFFF2A1-1BBD-4B27-B2A6-E246C7A74680}.Debug|x64.Build.0 = Debug|x64
		{6EFFF2A1-1BBD-4B27-B2A6-E246C7A74680}.Debug|x86.ActiveCfg = Debug|Win32
		{6EFFF2A1-1BBD-4B27-B2A6-E246C7A74680}.Debug|x86.Build.0 = Debug|Win32
		{6EFFF2A1-1BBD-4B27-B2A6-E246C7A74680}.Deploy|x64.ActiveCfg = Debug|x64
		{6EFFF2A1-1BBD-4B27-B2A6-E246C7A74680}.Deploy|x64.Build.0 = Debug|x64
		{6EFFF2A1-1BBD-4B27-B2A6-E246C7A74680}.Deploy|x86.ActiveCfg = Debug|Win32
		{6EFFF2A1-1BBD-4B27-B2A6-E246C7A74680}.Deploy|x86.Build.0 = Debug|Win32
		{6EFFF2A1-1BBD-4B27-B2A6-E246C7A74680}.Docs Debug|x64.ActiveCfg = Debug|x64
		{6EFFF2A1-1BBD-4B27-B2A6-E246C7A74680}.Docs Debug|x64.Build.0 = Debug|x64
		{6EFFF2A1-1BBD-4B27-B2A6-E246C7A74680}.Docs Debug|x86.ActiveCfg = Debug|Win32
		{6EFFF2A1-1BBD-4B27-B2A6-E246C7A74680}.Docs Debug|x86.Build.0 = Debug|Win32
		{6EFFF2A1-1BBD-4B27-B2A6-E246C7A74680}.McShooterz|x64.ActiveCfg = Release|x64
		{6EFFF2A1-1BBD-4B27-B2A6-E246C7A74680}.McShooterz|x64.Build.0 = Release|x64
		{6EFFF2A1-1BBD-4B27-B2A6-E246C7A74680}.McShooterz|x86.ActiveCfg = Release|Win32
		{6EFFF2A1-1BBD-4B27-B2A6-E246C7A74680}.McShooterz|x86.Build.0 = Release|Win32
		{6EFFF2A1-1BBD-4B27-B2A6-E246C7A74680}.RedFox-Debug|x64.ActiveCfg = Debug|x64
		{6EFFF2A1-1BBD-4B27-B2A6-E246C7A74680}.RedFox-Debug|x64.Build.0 = Debug|x64
		{6EFFF2A1-1BBD-4B27-B2A6-E246C7A74680}.RedFox-Debug|x86.ActiveCfg = Debug|Win32
		{6EFFF2A1-1BBD-4B27-B2A6-E246C7A74680}.RedFox-Debug|x86.Build.0 = Debug|Win32
		{6EFFF2A1-1BBD-4B27-B2A6-E246C7A74680}.Release|x64.ActiveCfg = Release|x64
		{6EFFF2A1-1BBD-4B27-B2A6-E246C7A74680}.Release|x64.Build.0 = Release|x64
		{6EFFF2A1-1BBD-4B27-B2A6-E246C7A74680}.Release|x86.ActiveCfg = Release|Win32
		{6EFFF2A1-1BBD-4B27-B2A6-E246C7A74680}.Release|x86.Build.0 = Release|Win32
	EndGlobalSection
	GlobalSection(SolutionProperties) = preSolution
		HideSolutionNode = FALSE
	EndGlobalSection
EndGlobal
