
Microsoft Visual Studio Solution File, Format Version 12.00
# Visual Studio 15
VisualStudioVersion = 15.0.26014.0
MinimumVisualStudioVersion = 10.0.40219.1
Project("{FAE04EC0-301F-11D3-BF4B-00C04F79EFBC}") = "StarDrive", "StarDrive.csproj", "{8071E07A-300E-485D-B139-066E15E82178}"
	ProjectSection(ProjectDependencies) = postProject
		{6EFFF2A1-1BBD-4B27-B2A6-E246C7A74680} = {6EFFF2A1-1BBD-4B27-B2A6-E246C7A74680}
	EndProjectSection
EndProject
Project("{8BC9CEB8-8B4A-11D0-8D11-00A0C91BC942}") = "SDNative", "SDNative\SDNative.vcxproj", "{6EFFF2A1-1BBD-4B27-B2A6-E246C7A74680}"
EndProject
Project("{FAE04EC0-301F-11D3-BF4B-00C04F79EFBC}") = "SDUnitTests", "SDUnitTests\SDUnitTests.csproj", "{8785944C-C586-403C-A948-F5180F413B5D}"
EndProject
Global
	GlobalSection(SolutionConfigurationPlatforms) = preSolution
		Crunchies-Debug|Any CPU = Crunchies-Debug|Any CPU
		Crunchies-Debug|x64 = Crunchies-Debug|x64
		Crunchies-Debug|x86 = Crunchies-Debug|x86
		Crunchies-LocalRelease|Any CPU = Crunchies-LocalRelease|Any CPU
		Crunchies-LocalRelease|x64 = Crunchies-LocalRelease|x64
		Crunchies-LocalRelease|x86 = Crunchies-LocalRelease|x86
		Debug|Any CPU = Debug|Any CPU
		Debug|x64 = Debug|x64
		Debug|x86 = Debug|x86
		Deploy|Any CPU = Deploy|Any CPU
		Deploy|x64 = Deploy|x64
		Deploy|x86 = Deploy|x86
		RedFox-Debug|Any CPU = RedFox-Debug|Any CPU
		RedFox-Debug|x64 = RedFox-Debug|x64
		RedFox-Debug|x86 = RedFox-Debug|x86
		RedFox-Release|Any CPU = RedFox-Release|Any CPU
		RedFox-Release|x64 = RedFox-Release|x64
		RedFox-Release|x86 = RedFox-Release|x86
		Release|Any CPU = Release|Any CPU
		Release|x64 = Release|x64
		Release|x86 = Release|x86
	EndGlobalSection
	GlobalSection(ProjectConfigurationPlatforms) = postSolution
		{8071E07A-300E-485D-B139-066E15E82178}.Crunchies-Debug|Any CPU.ActiveCfg = Crunchies-Debug|Any CPU
		{8071E07A-300E-485D-B139-066E15E82178}.Crunchies-Debug|Any CPU.Build.0 = Crunchies-Debug|Any CPU
		{8071E07A-300E-485D-B139-066E15E82178}.Crunchies-Debug|x64.ActiveCfg = Crunchies-Debug|x86
		{8071E07A-300E-485D-B139-066E15E82178}.Crunchies-Debug|x86.ActiveCfg = Crunchies-Debug|x86
		{8071E07A-300E-485D-B139-066E15E82178}.Crunchies-Debug|x86.Build.0 = Crunchies-Debug|x86
		{8071E07A-300E-485D-B139-066E15E82178}.Crunchies-LocalRelease|Any CPU.ActiveCfg = Crunchies-LocalRelease|Any CPU
		{8071E07A-300E-485D-B139-066E15E82178}.Crunchies-LocalRelease|Any CPU.Build.0 = Crunchies-LocalRelease|Any CPU
		{8071E07A-300E-485D-B139-066E15E82178}.Crunchies-LocalRelease|x64.ActiveCfg = Crunchies-LocalRelease|x86
		{8071E07A-300E-485D-B139-066E15E82178}.Crunchies-LocalRelease|x86.ActiveCfg = Crunchies-LocalRelease|x86
		{8071E07A-300E-485D-B139-066E15E82178}.Crunchies-LocalRelease|x86.Build.0 = Crunchies-LocalRelease|x86
		{8071E07A-300E-485D-B139-066E15E82178}.Debug|Any CPU.ActiveCfg = Debug|Any CPU
		{8071E07A-300E-485D-B139-066E15E82178}.Debug|Any CPU.Build.0 = Debug|Any CPU
		{8071E07A-300E-485D-B139-066E15E82178}.Debug|x64.ActiveCfg = Debug|x86
		{8071E07A-300E-485D-B139-066E15E82178}.Debug|x86.ActiveCfg = Gretman's Debug|x86
		{8071E07A-300E-485D-B139-066E15E82178}.Debug|x86.Build.0 = Gretman's Debug|x86
		{8071E07A-300E-485D-B139-066E15E82178}.Deploy|Any CPU.ActiveCfg = Deploy|Any CPU
		{8071E07A-300E-485D-B139-066E15E82178}.Deploy|Any CPU.Build.0 = Deploy|Any CPU
		{8071E07A-300E-485D-B139-066E15E82178}.Deploy|x64.ActiveCfg = Deploy|x86
		{8071E07A-300E-485D-B139-066E15E82178}.Deploy|x86.ActiveCfg = Deploy|x86
		{8071E07A-300E-485D-B139-066E15E82178}.Deploy|x86.Build.0 = Deploy|x86
		{8071E07A-300E-485D-B139-066E15E82178}.RedFox-Debug|Any CPU.ActiveCfg = RedFox-Debug|Any CPU
		{8071E07A-300E-485D-B139-066E15E82178}.RedFox-Debug|Any CPU.Build.0 = RedFox-Debug|Any CPU
		{8071E07A-300E-485D-B139-066E15E82178}.RedFox-Debug|x64.ActiveCfg = RedFox-Debug|x86
		{8071E07A-300E-485D-B139-066E15E82178}.RedFox-Debug|x86.ActiveCfg = RedFox-Debug|x86
		{8071E07A-300E-485D-B139-066E15E82178}.RedFox-Debug|x86.Build.0 = RedFox-Debug|x86
		{8071E07A-300E-485D-B139-066E15E82178}.RedFox-Release|Any CPU.ActiveCfg = RedFox-Release|Any CPU
		{8071E07A-300E-485D-B139-066E15E82178}.RedFox-Release|Any CPU.Build.0 = RedFox-Release|Any CPU
		{8071E07A-300E-485D-B139-066E15E82178}.RedFox-Release|x64.ActiveCfg = RedFox-Release|x86
		{8071E07A-300E-485D-B139-066E15E82178}.RedFox-Release|x86.ActiveCfg = RedFox-Release|x86
		{8071E07A-300E-485D-B139-066E15E82178}.RedFox-Release|x86.Build.0 = RedFox-Release|x86
		{8071E07A-300E-485D-B139-066E15E82178}.Release|Any CPU.ActiveCfg = Release|Any CPU
		{8071E07A-300E-485D-B139-066E15E82178}.Release|Any CPU.Build.0 = Release|Any CPU
		{8071E07A-300E-485D-B139-066E15E82178}.Release|x64.ActiveCfg = Release|x86
		{8071E07A-300E-485D-B139-066E15E82178}.Release|x86.ActiveCfg = Release|x86
		{8071E07A-300E-485D-B139-066E15E82178}.Release|x86.Build.0 = Release|x86
		{6EFFF2A1-1BBD-4B27-B2A6-E246C7A74680}.Crunchies-Debug|Any CPU.ActiveCfg = Debug|Win32
		{6EFFF2A1-1BBD-4B27-B2A6-E246C7A74680}.Crunchies-Debug|Any CPU.Build.0 = Debug|Win32
		{6EFFF2A1-1BBD-4B27-B2A6-E246C7A74680}.Crunchies-Debug|x64.ActiveCfg = Debug|x64
		{6EFFF2A1-1BBD-4B27-B2A6-E246C7A74680}.Crunchies-Debug|x64.Build.0 = Debug|x64
		{6EFFF2A1-1BBD-4B27-B2A6-E246C7A74680}.Crunchies-Debug|x86.ActiveCfg = Debug|Win32
		{6EFFF2A1-1BBD-4B27-B2A6-E246C7A74680}.Crunchies-Debug|x86.Build.0 = Debug|Win32
		{6EFFF2A1-1BBD-4B27-B2A6-E246C7A74680}.Crunchies-LocalRelease|Any CPU.ActiveCfg = Debug|Win32
		{6EFFF2A1-1BBD-4B27-B2A6-E246C7A74680}.Crunchies-LocalRelease|Any CPU.Build.0 = Debug|Win32
		{6EFFF2A1-1BBD-4B27-B2A6-E246C7A74680}.Crunchies-LocalRelease|x64.ActiveCfg = Release|x64
		{6EFFF2A1-1BBD-4B27-B2A6-E246C7A74680}.Crunchies-LocalRelease|x64.Build.0 = Release|x64
		{6EFFF2A1-1BBD-4B27-B2A6-E246C7A74680}.Crunchies-LocalRelease|x86.ActiveCfg = Release|Win32
		{6EFFF2A1-1BBD-4B27-B2A6-E246C7A74680}.Crunchies-LocalRelease|x86.Build.0 = Release|Win32
		{6EFFF2A1-1BBD-4B27-B2A6-E246C7A74680}.Debug|Any CPU.ActiveCfg = Debug|Win32
		{6EFFF2A1-1BBD-4B27-B2A6-E246C7A74680}.Debug|x64.ActiveCfg = Debug|x64
		{6EFFF2A1-1BBD-4B27-B2A6-E246C7A74680}.Debug|x64.Build.0 = Debug|x64
		{6EFFF2A1-1BBD-4B27-B2A6-E246C7A74680}.Debug|x86.ActiveCfg = Debug|Win32
		{6EFFF2A1-1BBD-4B27-B2A6-E246C7A74680}.Debug|x86.Build.0 = Debug|Win32
		{6EFFF2A1-1BBD-4B27-B2A6-E246C7A74680}.Deploy|Any CPU.ActiveCfg = Debug|Win32
		{6EFFF2A1-1BBD-4B27-B2A6-E246C7A74680}.Deploy|Any CPU.Build.0 = Debug|Win32
		{6EFFF2A1-1BBD-4B27-B2A6-E246C7A74680}.Deploy|x64.ActiveCfg = Debug|x64
		{6EFFF2A1-1BBD-4B27-B2A6-E246C7A74680}.Deploy|x64.Build.0 = Debug|x64
		{6EFFF2A1-1BBD-4B27-B2A6-E246C7A74680}.Deploy|x86.ActiveCfg = Debug|Win32
		{6EFFF2A1-1BBD-4B27-B2A6-E246C7A74680}.Deploy|x86.Build.0 = Debug|Win32
		{6EFFF2A1-1BBD-4B27-B2A6-E246C7A74680}.RedFox-Debug|Any CPU.ActiveCfg = Debug|Win32
		{6EFFF2A1-1BBD-4B27-B2A6-E246C7A74680}.RedFox-Debug|Any CPU.Build.0 = Debug|Win32
		{6EFFF2A1-1BBD-4B27-B2A6-E246C7A74680}.RedFox-Debug|x64.ActiveCfg = Debug|x64
		{6EFFF2A1-1BBD-4B27-B2A6-E246C7A74680}.RedFox-Debug|x64.Build.0 = Debug|x64
		{6EFFF2A1-1BBD-4B27-B2A6-E246C7A74680}.RedFox-Debug|x86.ActiveCfg = Debug|Win32
		{6EFFF2A1-1BBD-4B27-B2A6-E246C7A74680}.RedFox-Debug|x86.Build.0 = Debug|Win32
		{6EFFF2A1-1BBD-4B27-B2A6-E246C7A74680}.RedFox-Release|Any CPU.ActiveCfg = Debug|Win32
		{6EFFF2A1-1BBD-4B27-B2A6-E246C7A74680}.RedFox-Release|Any CPU.Build.0 = Debug|Win32
		{6EFFF2A1-1BBD-4B27-B2A6-E246C7A74680}.RedFox-Release|x64.ActiveCfg = Release|x64
		{6EFFF2A1-1BBD-4B27-B2A6-E246C7A74680}.RedFox-Release|x64.Build.0 = Release|x64
		{6EFFF2A1-1BBD-4B27-B2A6-E246C7A74680}.RedFox-Release|x64.Deploy.0 = Release|x64
		{6EFFF2A1-1BBD-4B27-B2A6-E246C7A74680}.RedFox-Release|x86.ActiveCfg = Release|Win32
		{6EFFF2A1-1BBD-4B27-B2A6-E246C7A74680}.RedFox-Release|x86.Build.0 = Release|Win32
		{6EFFF2A1-1BBD-4B27-B2A6-E246C7A74680}.Release|Any CPU.ActiveCfg = Release|Win32
		{6EFFF2A1-1BBD-4B27-B2A6-E246C7A74680}.Release|x64.ActiveCfg = Release|x64
		{6EFFF2A1-1BBD-4B27-B2A6-E246C7A74680}.Release|x64.Build.0 = Release|x64
		{6EFFF2A1-1BBD-4B27-B2A6-E246C7A74680}.Release|x86.ActiveCfg = Release|Win32
		{6EFFF2A1-1BBD-4B27-B2A6-E246C7A74680}.Release|x86.Build.0 = Release|Win32
		{8785944C-C586-403C-A948-F5180F413B5D}.Crunchies-Debug|Any CPU.ActiveCfg = Debug|x86
		{8785944C-C586-403C-A948-F5180F413B5D}.Crunchies-Debug|Any CPU.Build.0 = Debug|x86
		{8785944C-C586-403C-A948-F5180F413B5D}.Crunchies-Debug|x64.ActiveCfg = Release|x86
		{8785944C-C586-403C-A948-F5180F413B5D}.Crunchies-Debug|x64.Build.0 = Release|x86
		{8785944C-C586-403C-A948-F5180F413B5D}.Crunchies-Debug|x86.ActiveCfg = Debug|x86
		{8785944C-C586-403C-A948-F5180F413B5D}.Crunchies-Debug|x86.Build.0 = Debug|x86
		{8785944C-C586-403C-A948-F5180F413B5D}.Crunchies-LocalRelease|Any CPU.ActiveCfg = Debug|x86
		{8785944C-C586-403C-A948-F5180F413B5D}.Crunchies-LocalRelease|Any CPU.Build.0 = Debug|x86
		{8785944C-C586-403C-A948-F5180F413B5D}.Crunchies-LocalRelease|x64.ActiveCfg = Release|x86
		{8785944C-C586-403C-A948-F5180F413B5D}.Crunchies-LocalRelease|x64.Build.0 = Release|x86
		{8785944C-C586-403C-A948-F5180F413B5D}.Crunchies-LocalRelease|x86.ActiveCfg = Release|x86
		{8785944C-C586-403C-A948-F5180F413B5D}.Crunchies-LocalRelease|x86.Build.0 = Release|x86
		{8785944C-C586-403C-A948-F5180F413B5D}.Debug|Any CPU.ActiveCfg = Debug|x86
		{8785944C-C586-403C-A948-F5180F413B5D}.Debug|x64.ActiveCfg = Debug|x86
		{8785944C-C586-403C-A948-F5180F413B5D}.Debug|x86.ActiveCfg = Debug|x86
		{8785944C-C586-403C-A948-F5180F413B5D}.Debug|x86.Build.0 = Debug|x86
		{8785944C-C586-403C-A948-F5180F413B5D}.Deploy|Any CPU.ActiveCfg = Debug|x86
		{8785944C-C586-403C-A948-F5180F413B5D}.Deploy|Any CPU.Build.0 = Debug|x86
		{8785944C-C586-403C-A948-F5180F413B5D}.Deploy|x64.ActiveCfg = Release|x86
		{8785944C-C586-403C-A948-F5180F413B5D}.Deploy|x64.Build.0 = Release|x86
		{8785944C-C586-403C-A948-F5180F413B5D}.Deploy|x86.ActiveCfg = Debug|x86
		{8785944C-C586-403C-A948-F5180F413B5D}.Deploy|x86.Build.0 = Debug|x86
		{8785944C-C586-403C-A948-F5180F413B5D}.RedFox-Debug|Any CPU.ActiveCfg = Debug|x86
		{8785944C-C586-403C-A948-F5180F413B5D}.RedFox-Debug|Any CPU.Build.0 = Debug|x86
		{8785944C-C586-403C-A948-F5180F413B5D}.RedFox-Debug|x64.ActiveCfg = Release|x86
		{8785944C-C586-403C-A948-F5180F413B5D}.RedFox-Debug|x64.Build.0 = Release|x86
		{8785944C-C586-403C-A948-F5180F413B5D}.RedFox-Debug|x86.ActiveCfg = Debug|x86
		{8785944C-C586-403C-A948-F5180F413B5D}.RedFox-Debug|x86.Build.0 = Debug|x86
		{8785944C-C586-403C-A948-F5180F413B5D}.RedFox-Release|Any CPU.ActiveCfg = Debug|x86
		{8785944C-C586-403C-A948-F5180F413B5D}.RedFox-Release|Any CPU.Build.0 = Debug|x86
		{8785944C-C586-403C-A948-F5180F413B5D}.RedFox-Release|x64.ActiveCfg = Release|x86
		{8785944C-C586-403C-A948-F5180F413B5D}.RedFox-Release|x64.Build.0 = Release|x86
		{8785944C-C586-403C-A948-F5180F413B5D}.RedFox-Release|x86.ActiveCfg = Release|x86
		{8785944C-C586-403C-A948-F5180F413B5D}.RedFox-Release|x86.Build.0 = Release|x86
		{8785944C-C586-403C-A948-F5180F413B5D}.Release|Any CPU.ActiveCfg = Release|x86
		{8785944C-C586-403C-A948-F5180F413B5D}.Release|x64.ActiveCfg = Release|x86
		{8785944C-C586-403C-A948-F5180F413B5D}.Release|x86.ActiveCfg = Release|x86
		{8785944C-C586-403C-A948-F5180F413B5D}.Release|x86.Build.0 = Release|x86
	EndGlobalSection
	GlobalSection(SolutionProperties) = preSolution
		HideSolutionNode = FALSE
	EndGlobalSection
	GlobalSection(Performance) = preSolution
		HasPerformanceSessions = true
	EndGlobalSection
EndGlobal
