
Microsoft Visual Studio Solution File, Format Version 12.00
# Visual Studio 15
VisualStudioVersion = 15.0.25920.0
MinimumVisualStudioVersion = 10.0.40219.1
Project("{FAE04EC0-301F-11D3-BF4B-00C04F79EFBC}") = "StarDrive", "StarDrive.csproj", "{8071E07A-300E-485D-B139-066E15E82178}"
EndProject
Global
	GlobalSection(SolutionConfigurationPlatforms) = preSolution
		BlackBox_RadicalElements_RC_16_|x86 = BlackBox_RadicalElements_RC_16_|x86
		BlackBox_UNSTABLE_|x86 = BlackBox_UNSTABLE_|x86
		Crunchies-Debug|x86 = Crunchies-Debug|x86
		Crunchies-LocalRelease|x86 = Crunchies-LocalRelease|x86
		Debug|x86 = Debug|x86
		Deploy|x86 = Deploy|x86
		Docs Debug|x86 = Docs Debug|x86
		McShooterz|x86 = McShooterz|x86
		RedFox-Debug|x86 = RedFox-Debug|x86
		Release|x86 = Release|x86
	EndGlobalSection
	GlobalSection(ProjectConfigurationPlatforms) = postSolution
		{8071E07A-300E-485D-B139-066E15E82178}.BlackBox_RadicalElements_RC_16_|x86.ActiveCfg = BlackBox_RadicalElements_RC_16_|x86
		{8071E07A-300E-485D-B139-066E15E82178}.BlackBox_RadicalElements_RC_16_|x86.Build.0 = BlackBox_RadicalElements_RC_16_|x86
		{8071E07A-300E-485D-B139-066E15E82178}.BlackBox_UNSTABLE_|x86.ActiveCfg = BlackBox_UNSTABLE_|x86
		{8071E07A-300E-485D-B139-066E15E82178}.BlackBox_UNSTABLE_|x86.Build.0 = BlackBox_UNSTABLE_|x86
		{8071E07A-300E-485D-B139-066E15E82178}.Crunchies-Debug|x86.ActiveCfg = Crunchies-Debug|x86
		{8071E07A-300E-485D-B139-066E15E82178}.Crunchies-Debug|x86.Build.0 = Crunchies-Debug|x86
		{8071E07A-300E-485D-B139-066E15E82178}.Crunchies-LocalRelease|x86.ActiveCfg = Crunchies-LocalRelease|x86
		{8071E07A-300E-485D-B139-066E15E82178}.Crunchies-LocalRelease|x86.Build.0 = Crunchies-LocalRelease|x86
		{8071E07A-300E-485D-B139-066E15E82178}.Debug|x86.ActiveCfg = Debug|x86
		{8071E07A-300E-485D-B139-066E15E82178}.Debug|x86.Build.0 = Debug|x86
		{8071E07A-300E-485D-B139-066E15E82178}.Deploy|x86.ActiveCfg = Deploy|x86
		{8071E07A-300E-485D-B139-066E15E82178}.Deploy|x86.Build.0 = Deploy|x86
		{8071E07A-300E-485D-B139-066E15E82178}.Docs Debug|x86.ActiveCfg = Docs Debug|x86
		{8071E07A-300E-485D-B139-066E15E82178}.Docs Debug|x86.Build.0 = Docs Debug|x86
		{8071E07A-300E-485D-B139-066E15E82178}.McShooterz|x86.ActiveCfg = McShooterz|x86
		{8071E07A-300E-485D-B139-066E15E82178}.McShooterz|x86.Build.0 = McShooterz|x86
		{8071E07A-300E-485D-B139-066E15E82178}.RedFox-Debug|x86.ActiveCfg = RedFox-Debug|x86
		{8071E07A-300E-485D-B139-066E15E82178}.RedFox-Debug|x86.Build.0 = RedFox-Debug|x86
		{8071E07A-300E-485D-B139-066E15E82178}.Release|x86.ActiveCfg = Release|x86
		{8071E07A-300E-485D-B139-066E15E82178}.Release|x86.Build.0 = Release|x86
	EndGlobalSection
	GlobalSection(SolutionProperties) = preSolution
		HideSolutionNode = FALSE
	EndGlobalSection
EndGlobal
