<?xml version="1.0" encoding="utf-8"?>
<Project ToolsVersion="4.0" xmlns="http://schemas.microsoft.com/developer/msbuild/2003">
  <ItemGroup>
    <Filter Include="src">
      <UniqueIdentifier>{4FC737F1-C7A5-4376-A066-2A32D752A2FF}</UniqueIdentifier>
      <Extensions>cpp;c;cc;cxx;def;odl;idl;hpj;bat;asm;asmx</Extensions>
    </Filter>
    <Filter Include="util">
      <UniqueIdentifier>{82679bed-c6f5-4316-b39c-d32c59bbcbaa}</UniqueIdentifier>
    </Filter>
    <Filter Include="rapidxml">
      <UniqueIdentifier>{b48f0e2e-8904-4bf8-a7b7-ccc73e00b232}</UniqueIdentifier>
    </Filter>
    <Filter Include="rpp">
      <UniqueIdentifier>{79ce8fcd-1024-4741-8a00-f0af719d8ebd}</UniqueIdentifier>
    </Filter>
    <Filter Include="nano">
      <UniqueIdentifier>{77c57a9e-f591-480f-9993-6f25e24fda18}</UniqueIdentifier>
    </Filter>
    <Filter Include="lodepng">
      <UniqueIdentifier>{91652404-c87c-40f0-87a5-2279dcbfa4eb}</UniqueIdentifier>
    </Filter>
    <Filter Include="soil2">
      <UniqueIdentifier>{2a7b6833-5975-48a4-afbd-71592d8f3d31}</UniqueIdentifier>
    </Filter>
  </ItemGroup>
  <ItemGroup>
    <ClCompile Include="ShipDataSerializer.cpp">
      <Filter>src</Filter>
    </ClCompile>
    <ClCompile Include="MemoryUtils.cpp">
      <Filter>src</Filter>
    </ClCompile>
    <ClCompile Include="util\apex_memmove.cpp">
      <Filter>util</Filter>
    </ClCompile>
    <ClCompile Include="ReCpp\rpp\debugging.cpp">
      <Filter>rpp</Filter>
    </ClCompile>
    <ClCompile Include="ReCpp\rpp\file_io.cpp">
      <Filter>rpp</Filter>
    </ClCompile>
    <ClCompile Include="ReCpp\rpp\strview.cpp">
      <Filter>rpp</Filter>
    </ClCompile>
    <ClCompile Include="ReCpp\rpp\vec.cpp">
      <Filter>rpp</Filter>
    </ClCompile>
    <ClCompile Include="StaticMeshLoader.cpp">
      <Filter>src</Filter>
    </ClCompile>
    <ClCompile Include="ReCpp\rpp\sprint.cpp">
      <Filter>rpp</Filter>
    </ClCompile>
    <ClCompile Include="NanoMesh\Nano\Mesh.cpp">
      <Filter>nano</Filter>
    </ClCompile>
    <ClCompile Include="NanoMesh\Nano\Mesh_Fbx.cpp">
      <Filter>nano</Filter>
    </ClCompile>
    <ClCompile Include="NanoMesh\Nano\Mesh_Obj.cpp">
      <Filter>nano</Filter>
    </ClCompile>
    <ClCompile Include="lodepng\lodepng.cpp">
      <Filter>lodepng</Filter>
    </ClCompile>
    <ClCompile Include="util\save_image.cpp">
      <Filter>util</Filter>
    </ClCompile>
    <ClCompile Include="soil2\image_DXT.cpp">
      <Filter>soil2</Filter>
    </ClCompile>
    <ClCompile Include="soil2\image_helper.cpp">
      <Filter>soil2</Filter>
    </ClCompile>
  </ItemGroup>
  <ItemGroup>
    <ClInclude Include="ShipDataSerializer.h">
      <Filter>src</Filter>
    </ClInclude>
    <ClInclude Include="rapidxml\rapidxml.hpp">
      <Filter>rapidxml</Filter>
    </ClInclude>
    <ClInclude Include="rapidxml\rapidxml_iterators.hpp">
      <Filter>rapidxml</Filter>
    </ClInclude>
    <ClInclude Include="rapidxml\rapidxml_print.hpp">
      <Filter>rapidxml</Filter>
    </ClInclude>
    <ClInclude Include="rapidxml\rapidxml_utils.hpp">
      <Filter>rapidxml</Filter>
    </ClInclude>
    <ClInclude Include="util\apex_memmove.h">
      <Filter>util</Filter>
    </ClInclude>
    <ClInclude Include="NodeParser.h">
      <Filter>src</Filter>
    </ClInclude>
    <ClInclude Include="ReCpp\rpp\debugging.h">
      <Filter>rpp</Filter>
    </ClInclude>
    <ClInclude Include="ReCpp\rpp\file_io.h">
      <Filter>rpp</Filter>
    </ClInclude>
    <ClInclude Include="ReCpp\rpp\strview.h">
      <Filter>rpp</Filter>
    </ClInclude>
    <ClInclude Include="ReCpp\rpp\vec.h">
      <Filter>rpp</Filter>
    </ClInclude>
    <ClInclude Include="StaticMeshLoader.h">
      <Filter>src</Filter>
    </ClInclude>
    <ClInclude Include="ReCpp\rpp\sprint.h">
      <Filter>rpp</Filter>
    </ClInclude>
    <ClInclude Include="ReCpp\rpp\collections.h">
      <Filter>rpp</Filter>
    </ClInclude>
    <ClInclude Include="NanoMesh\Nano\Mesh.h">
      <Filter>nano</Filter>
    </ClInclude>
    <ClInclude Include="lodepng\lodepng.h">
      <Filter>lodepng</Filter>
    </ClInclude>
    <ClInclude Include="soil2\image_DXT.h">
      <Filter>soil2</Filter>
    </ClInclude>
    <ClInclude Include="soil2\image_helper.h">
      <Filter>soil2</Filter>
    </ClInclude>
  </ItemGroup>
  <ItemGroup>
    <Natvis Include="SDNative.natvis">
      <Filter>src</Filter>
    </Natvis>
    <Natvis Include="ReCpp\rpp\strview.natvis">
      <Filter>rpp</Filter>
    </Natvis>
    <Natvis Include="ReCpp\rpp\vec.natvis">
      <Filter>rpp</Filter>
    </Natvis>
    <Natvis Include="NanoMesh\Nano\mesh.natvis">
      <Filter>nano</Filter>
    </Natvis>
  </ItemGroup>
  <ItemGroup>
    <None Include="fbxsdk\libfbxsdk.dll" />
  </ItemGroup>
</Project>