<?xml version="1.0" encoding="utf-8"?>
<Project ToolsVersion="4.0" xmlns="http://schemas.microsoft.com/developer/msbuild/2003">
  <ItemGroup>
    <Filter Include="src">
      <UniqueIdentifier>{4FC737F1-C7A5-4376-A066-2A32D752A2FF}</UniqueIdentifier>
      <Extensions>cpp;c;cc;cxx;def;odl;idl;hpj;bat;asm;asmx</Extensions>
    </Filter>
    <Filter Include="util">
      <UniqueIdentifier>{82679bed-c6f5-4316-b39c-d32c59bbcbaa}</UniqueIdentifier>
    </Filter>
    <Filter Include="rpp">
      <UniqueIdentifier>{79ce8fcd-1024-4741-8a00-f0af719d8ebd}</UniqueIdentifier>
    </Filter>
    <Filter Include="3rdparty">
      <UniqueIdentifier>{cc21df4a-6643-494a-817e-c36ded919759}</UniqueIdentifier>
    </Filter>
    <Filter Include="3rdparty\libsquish">
      <UniqueIdentifier>{7b7a5b71-d968-4f1c-9d52-eaa66d7e9450}</UniqueIdentifier>
    </Filter>
    <Filter Include="3rdparty\lodepng">
      <UniqueIdentifier>{8c121ee7-8b1c-4abc-9c44-6c8b4c0a5c7f}</UniqueIdentifier>
    </Filter>
    <Filter Include="3rdparty\soil2">
      <UniqueIdentifier>{490dbb09-5d9d-4121-a61b-6ac3eb5e91a9}</UniqueIdentifier>
    </Filter>
    <Filter Include="3rdparty\stb">
      <UniqueIdentifier>{de77ba30-c99c-4424-8c0c-cd7d2fc2da15}</UniqueIdentifier>
    </Filter>
    <Filter Include="3rdparty\nano">
      <UniqueIdentifier>{77c57a9e-f591-480f-9993-6f25e24fda18}</UniqueIdentifier>
    </Filter>
    <Filter Include="3rdparty\rapidxml">
      <UniqueIdentifier>{b48f0e2e-8904-4bf8-a7b7-ccc73e00b232}</UniqueIdentifier>
    </Filter>
    <Filter Include="3rdparty\fbxsdk">
      <UniqueIdentifier>{2a76bd54-7e9d-4c60-afd1-48820e3ad4dd}</UniqueIdentifier>
    </Filter>
    <Filter Include="src\SdMesh">
      <UniqueIdentifier>{f92589a6-f7c4-4c68-a4a4-898008deb53b}</UniqueIdentifier>
    </Filter>
    <Filter Include="spatial">
      <UniqueIdentifier>{a0f203e2-ca1e-4078-89ce-c1cd0e5416c8}</UniqueIdentifier>
    </Filter>
    <Filter Include="spatial\qtree">
      <UniqueIdentifier>{79594e61-c0f0-4c22-909a-1193d63fce10}</UniqueIdentifier>
    </Filter>
    <Filter Include="spatial\grid">
      <UniqueIdentifier>{4b26ba28-6163-4c42-a26b-361c722a3497}</UniqueIdentifier>
    </Filter>
    <Filter Include="spatial\gridL2">
      <UniqueIdentifier>{91700856-7a20-4226-9aed-bb8c189fb46f}</UniqueIdentifier>
    </Filter>
  </ItemGroup>
  <ItemGroup>
    <ClCompile Include="ShipDataSerializer.cpp">
      <Filter>src</Filter>
    </ClCompile>
    <ClCompile Include="MemoryUtils.cpp">
      <Filter>src</Filter>
    </ClCompile>
    <ClCompile Include="util\apex_memmove.cpp">
      <Filter>util</Filter>
    </ClCompile>
    <ClCompile Include="ReCpp\rpp\debugging.cpp">
      <Filter>rpp</Filter>
    </ClCompile>
    <ClCompile Include="ReCpp\rpp\file_io.cpp">
      <Filter>rpp</Filter>
    </ClCompile>
    <ClCompile Include="ReCpp\rpp\strview.cpp">
      <Filter>rpp</Filter>
    </ClCompile>
    <ClCompile Include="ReCpp\rpp\vec.cpp">
      <Filter>rpp</Filter>
    </ClCompile>
    <ClCompile Include="ReCpp\rpp\sprint.cpp">
      <Filter>rpp</Filter>
    </ClCompile>
    <ClCompile Include="util\save_image.cpp">
      <Filter>util</Filter>
    </ClCompile>
    <ClCompile Include="3rdparty\soil2\image_DXT.cpp">
      <Filter>3rdparty\soil2</Filter>
    </ClCompile>
    <ClCompile Include="3rdparty\soil2\image_helper.cpp">
      <Filter>3rdparty\soil2</Filter>
    </ClCompile>
    <ClCompile Include="3rdparty\lodepng\lodepng.cpp">
      <Filter>3rdparty\lodepng</Filter>
    </ClCompile>
    <ClCompile Include="3rdparty\libsquish\alpha.cpp">
      <Filter>3rdparty\libsquish</Filter>
    </ClCompile>
    <ClCompile Include="3rdparty\libsquish\clusterfit.cpp">
      <Filter>3rdparty\libsquish</Filter>
    </ClCompile>
    <ClCompile Include="3rdparty\libsquish\colourblock.cpp">
      <Filter>3rdparty\libsquish</Filter>
    </ClCompile>
    <ClCompile Include="3rdparty\libsquish\colourfit.cpp">
      <Filter>3rdparty\libsquish</Filter>
    </ClCompile>
    <ClCompile Include="3rdparty\libsquish\colourset.cpp">
      <Filter>3rdparty\libsquish</Filter>
    </ClCompile>
    <ClCompile Include="3rdparty\libsquish\maths.cpp">
      <Filter>3rdparty\libsquish</Filter>
    </ClCompile>
    <ClCompile Include="3rdparty\libsquish\rangefit.cpp">
      <Filter>3rdparty\libsquish</Filter>
    </ClCompile>
    <ClCompile Include="3rdparty\libsquish\singlecolourfit.cpp">
      <Filter>3rdparty\libsquish</Filter>
    </ClCompile>
    <ClCompile Include="3rdparty\libsquish\squish.cpp">
      <Filter>3rdparty\libsquish</Filter>
    </ClCompile>
    <ClCompile Include="NanoMesh\src\Mesh.cpp">
      <Filter>3rdparty\nano</Filter>
    </ClCompile>
    <ClCompile Include="NanoMesh\src\Mesh_Fbx.cpp">
      <Filter>3rdparty\nano</Filter>
    </ClCompile>
    <ClCompile Include="NanoMesh\src\Mesh_Obj.cpp">
      <Filter>3rdparty\nano</Filter>
    </ClCompile>
    <ClCompile Include="NanoMesh\src\Mesh_Txt.cpp">
      <Filter>3rdparty\nano</Filter>
    </ClCompile>
    <ClCompile Include="NanoMesh\src\MeshLoader.cpp">
      <Filter>3rdparty\nano</Filter>
    </ClCompile>
    <ClCompile Include="SdMesh\SdAnimation.cpp">
      <Filter>src\SdMesh</Filter>
    </ClCompile>
    <ClCompile Include="SdMesh\SdMaterial.cpp">
      <Filter>src\SdMesh</Filter>
    </ClCompile>
    <ClCompile Include="SdMesh\SdMesh.cpp">
      <Filter>src\SdMesh</Filter>
    </ClCompile>
    <ClCompile Include="SdMesh\SdMeshGroup.cpp">
      <Filter>src\SdMesh</Filter>
    </ClCompile>
    <ClCompile Include="util\math_utils.cpp">
      <Filter>util</Filter>
    </ClCompile>
    <ClCompile Include="util\os_utils.cpp">
      <Filter>util</Filter>
    </ClCompile>
    <ClCompile Include="spatial\qtree\Qtree.cpp">
      <Filter>spatial\qtree</Filter>
    </ClCompile>
    <ClCompile Include="spatial\SlabAllocator.cpp">
      <Filter>spatial</Filter>
    </ClCompile>
    <ClCompile Include="spatial\grid\Grid.cpp">
      <Filter>spatial\grid</Filter>
    </ClCompile>
    <ClCompile Include="spatial\Search.cpp">
      <Filter>spatial</Filter>
    </ClCompile>
    <ClCompile Include="spatial\ObjectCollection.cpp">
      <Filter>spatial</Filter>
    </ClCompile>
    <ClCompile Include="spatial\Spatial.cpp">
      <Filter>spatial</Filter>
    </ClCompile>
    <ClCompile Include="spatial\SpatialDebug.cpp">
      <Filter>spatial</Filter>
    </ClCompile>
    <ClCompile Include="spatial\Collision.cpp">
      <Filter>spatial</Filter>
    </ClCompile>
    <ClCompile Include="spatial\gridL2\GridL2.cpp">
      <Filter>spatial\gridL2</Filter>
    </ClCompile>
    <ClCompile Include="spatial\grid\GridCellView.cpp">
      <Filter>spatial\grid</Filter>
    </ClCompile>
  </ItemGroup>
  <ItemGroup>
    <ClInclude Include="ShipDataSerializer.h">
      <Filter>src</Filter>
    </ClInclude>
    <ClInclude Include="util\apex_memmove.h">
      <Filter>util</Filter>
    </ClInclude>
    <ClInclude Include="NodeParser.h">
      <Filter>src</Filter>
    </ClInclude>
    <ClInclude Include="ReCpp\rpp\debugging.h">
      <Filter>rpp</Filter>
    </ClInclude>
    <ClInclude Include="ReCpp\rpp\file_io.h">
      <Filter>rpp</Filter>
    </ClInclude>
    <ClInclude Include="ReCpp\rpp\strview.h">
      <Filter>rpp</Filter>
    </ClInclude>
    <ClInclude Include="ReCpp\rpp\vec.h">
      <Filter>rpp</Filter>
    </ClInclude>
    <ClInclude Include="ReCpp\rpp\sprint.h">
      <Filter>rpp</Filter>
    </ClInclude>
    <ClInclude Include="ReCpp\rpp\collections.h">
      <Filter>rpp</Filter>
    </ClInclude>
    <ClInclude Include="3rdparty\soil2\image_DXT.h">
      <Filter>3rdparty\soil2</Filter>
    </ClInclude>
    <ClInclude Include="3rdparty\soil2\image_helper.h">
      <Filter>3rdparty\soil2</Filter>
    </ClInclude>
    <ClInclude Include="3rdparty\lodepng\lodepng.h">
      <Filter>3rdparty\lodepng</Filter>
    </ClInclude>
    <ClInclude Include="3rdparty\libsquish\alpha.h">
      <Filter>3rdparty\libsquish</Filter>
    </ClInclude>
    <ClInclude Include="3rdparty\libsquish\clusterfit.h">
      <Filter>3rdparty\libsquish</Filter>
    </ClInclude>
    <ClInclude Include="3rdparty\libsquish\colourblock.h">
      <Filter>3rdparty\libsquish</Filter>
    </ClInclude>
    <ClInclude Include="3rdparty\libsquish\colourfit.h">
      <Filter>3rdparty\libsquish</Filter>
    </ClInclude>
    <ClInclude Include="3rdparty\libsquish\colourset.h">
      <Filter>3rdparty\libsquish</Filter>
    </ClInclude>
    <ClInclude Include="3rdparty\libsquish\config.h">
      <Filter>3rdparty\libsquish</Filter>
    </ClInclude>
    <ClInclude Include="3rdparty\libsquish\maths.h">
      <Filter>3rdparty\libsquish</Filter>
    </ClInclude>
    <ClInclude Include="3rdparty\libsquish\rangefit.h">
      <Filter>3rdparty\libsquish</Filter>
    </ClInclude>
    <ClInclude Include="3rdparty\libsquish\simd.h">
      <Filter>3rdparty\libsquish</Filter>
    </ClInclude>
    <ClInclude Include="3rdparty\libsquish\simd_float.h">
      <Filter>3rdparty\libsquish</Filter>
    </ClInclude>
    <ClInclude Include="3rdparty\libsquish\simd_sse.h">
      <Filter>3rdparty\libsquish</Filter>
    </ClInclude>
    <ClInclude Include="3rdparty\libsquish\simd_ve.h">
      <Filter>3rdparty\libsquish</Filter>
    </ClInclude>
    <ClInclude Include="3rdparty\libsquish\singlecolourfit.h">
      <Filter>3rdparty\libsquish</Filter>
    </ClInclude>
    <ClInclude Include="3rdparty\libsquish\squish.h">
      <Filter>3rdparty\libsquish</Filter>
    </ClInclude>
    <ClInclude Include="3rdparty\stb\stb_dxt.h">
      <Filter>3rdparty\stb</Filter>
    </ClInclude>
    <ClInclude Include="3rdparty\fbxsdk\fbxsdk.h">
      <Filter>3rdparty\fbxsdk</Filter>
    </ClInclude>
    <ClInclude Include="3rdparty\rapidxml\rapidxml_iterators.hpp">
      <Filter>3rdparty\rapidxml</Filter>
    </ClInclude>
    <ClInclude Include="3rdparty\rapidxml\rapidxml_print.hpp">
      <Filter>3rdparty\rapidxml</Filter>
    </ClInclude>
    <ClInclude Include="3rdparty\rapidxml\rapidxml_utils.hpp">
      <Filter>3rdparty\rapidxml</Filter>
    </ClInclude>
    <ClInclude Include="3rdparty\rapidxml\rapidxml.hpp">
      <Filter>3rdparty\rapidxml</Filter>
    </ClInclude>
    <ClInclude Include="NanoMesh\include\Nano\Mesh.h">
      <Filter>3rdparty\nano</Filter>
    </ClInclude>
    <ClInclude Include="NanoMesh\include\Nano\MeshLoader.h">
      <Filter>3rdparty\nano</Filter>
    </ClInclude>
    <ClInclude Include="ReCpp\rpp\config.h">
      <Filter>rpp</Filter>
    </ClInclude>
    <ClInclude Include="SdMesh\SdMesh.h">
      <Filter>src\SdMesh</Filter>
    </ClInclude>
    <ClInclude Include="SdMesh\SdMeshGroup.h">
      <Filter>src\SdMesh</Filter>
    </ClInclude>
    <ClInclude Include="SdMesh\SdMaterial.h">
      <Filter>src\SdMesh</Filter>
    </ClInclude>
    <ClInclude Include="SdMesh\SdAnimation.h">
      <Filter>src\SdMesh</Filter>
    </ClInclude>
    <ClInclude Include="spatial\qtree\Qtree.h">
      <Filter>spatial\qtree</Filter>
    </ClInclude>
    <ClInclude Include="spatial\qtree\QtreeNode.h">
      <Filter>spatial\qtree</Filter>
    </ClInclude>
    <ClInclude Include="spatial\Spatial.h">
      <Filter>spatial</Filter>
    </ClInclude>
    <ClInclude Include="spatial\SpatialObject.h">
      <Filter>spatial</Filter>
    </ClInclude>
    <ClInclude Include="spatial\Visualizer.h">
      <Filter>spatial</Filter>
    </ClInclude>
    <ClInclude Include="spatial\Config.h">
      <Filter>spatial</Filter>
    </ClInclude>
    <ClInclude Include="spatial\Collision.h">
      <Filter>spatial</Filter>
    </ClInclude>
    <ClInclude Include="spatial\SlabAllocator.h">
      <Filter>spatial</Filter>
    </ClInclude>
    <ClInclude Include="spatial\Flatmap.h">
      <Filter>spatial</Filter>
    </ClInclude>
    <ClInclude Include="spatial\grid\Grid.h">
      <Filter>spatial\grid</Filter>
    </ClInclude>
    <ClInclude Include="spatial\Utilities.h">
      <Filter>spatial</Filter>
    </ClInclude>
    <ClInclude Include="spatial\Search.h">
      <Filter>spatial</Filter>
    </ClInclude>
    <ClInclude Include="spatial\grid\GridCell.h">
      <Filter>spatial\grid</Filter>
    </ClInclude>
    <ClInclude Include="spatial\ObjectCollection.h">
      <Filter>spatial</Filter>
    </ClInclude>
    <ClInclude Include="spatial\SpatialDebug.h">
      <Filter>spatial</Filter>
    </ClInclude>
    <ClInclude Include="spatial\Primitives.h">
      <Filter>spatial</Filter>
    </ClInclude>
    <ClInclude Include="spatial\SpatialObjectArray.h">
      <Filter>spatial</Filter>
    </ClInclude>
    <ClInclude Include="spatial\gridL2\GridL2.h">
      <Filter>spatial\gridL2</Filter>
    </ClInclude>
    <ClInclude Include="spatial\grid\GridCellView.h">
      <Filter>spatial\grid</Filter>
    </ClInclude>
    <ClInclude Include="spatial\CellLoyalty.h">
      <Filter>spatial</Filter>
    </ClInclude>
  </ItemGroup>
  <ItemGroup>
    <Natvis Include="SDNative.natvis">
      <Filter>src</Filter>
    </Natvis>
    <Natvis Include="ReCpp\rpp\strview.natvis">
      <Filter>rpp</Filter>
    </Natvis>
    <Natvis Include="ReCpp\rpp\vec.natvis">
      <Filter>rpp</Filter>
    </Natvis>
    <Natvis Include="NanoMesh\include\Nano\NanoMesh.natvis">
      <Filter>3rdparty\nano</Filter>
    </Natvis>
    <Natvis Include="spatial\qtree\Spatial.natvis">
      <Filter>spatial</Filter>
    </Natvis>
  </ItemGroup>
  <ItemGroup>
    <None Include="fbxsdk\libfbxsdk.dll" />
    <None Include="3rdparty\libsquish\config">
      <Filter>3rdparty\libsquish</Filter>
    </None>
    <None Include="3rdparty\libsquish\singlecolourlookup.inl">
      <Filter>3rdparty\libsquish</Filter>
    </None>
  </ItemGroup>
  <ItemGroup>
    <Text Include="3rdparty\libsquish\ChangeLog.txt">
      <Filter>3rdparty\libsquish</Filter>
    </Text>
    <Text Include="3rdparty\libsquish\CMakeLists.txt">
      <Filter>3rdparty\libsquish</Filter>
    </Text>
    <Text Include="3rdparty\libsquish\README.txt">
      <Filter>3rdparty\libsquish</Filter>
    </Text>
  </ItemGroup>
</Project>