<?xml version="1.0" encoding="utf-8"?>
<Project ToolsVersion="4.0" xmlns="http://schemas.microsoft.com/developer/msbuild/2003">
  <ItemGroup>
    <Filter Include="tests">
      <UniqueIdentifier>{4FC737F1-C7A5-4376-A066-2A32D752A2FF}</UniqueIdentifier>
      <Extensions>cpp;c;cc;cxx;c++;cppm;ixx;def;odl;idl;hpj;bat;asm;asmx</Extensions>
    </Filter>
    <Filter Include="rpp">
      <UniqueIdentifier>{24a894f8-e70e-4705-b666-d327393c35ec}</UniqueIdentifier>
    </Filter>
    <Filter Include="imgui">
      <UniqueIdentifier>{ba245533-b7af-4332-a3eb-8adbf14aaf09}</UniqueIdentifier>
    </Filter>
  </ItemGroup>
  <ItemGroup>
    <ClCompile Include="tests_main.cpp">
      <Filter>tests</Filter>
    </ClCompile>
    <ClCompile Include="TestQuadTree.cpp">
      <Filter>tests</Filter>
    </ClCompile>
    <ClCompile Include="..\3rdparty\imgui\imgui.cpp">
      <Filter>imgui</Filter>
    </ClCompile>
    <ClCompile Include="..\3rdparty\imgui\imgui_demo.cpp">
      <Filter>imgui</Filter>
    </ClCompile>
    <ClCompile Include="..\3rdparty\imgui\imgui_draw.cpp">
      <Filter>imgui</Filter>
    </ClCompile>
    <ClCompile Include="..\3rdparty\imgui\imgui_widgets.cpp">
      <Filter>imgui</Filter>
    </ClCompile>
    <ClCompile Include="..\3rdparty\imgui\imgui_impl_dx11.cpp">
      <Filter>imgui</Filter>
    </ClCompile>
    <ClCompile Include="DebugGfxWindow.cpp">
      <Filter>tests</Filter>
    </ClCompile>
    <ClCompile Include="..\3rdparty\imgui\imgui_impl_win32.cpp">
      <Filter>imgui</Filter>
    </ClCompile>
    <ClCompile Include="TestSpatialGrid.cpp">
      <Filter>tests</Filter>
    </ClCompile>
    <ClCompile Include="TestObjectCollection.cpp">
      <Filter>tests</Filter>
    </ClCompile>
    <ClCompile Include="TestSimulation.cpp">
      <Filter>tests</Filter>
    </ClCompile>
    <ClCompile Include="TestCellLoyalty.cpp">
      <Filter>tests</Filter>
    </ClCompile>
    <ClCompile Include="TestPrimitiveMath.cpp">
      <Filter>tests</Filter>
    </ClCompile>
    <ClCompile Include="Simulation.cpp">
      <Filter>tests</Filter>
    </ClCompile>
    <ClCompile Include="TestFindNearby.cpp">
      <Filter>tests</Filter>
    </ClCompile>
    <ClCompile Include="..\ReCpp\src\rpp\debugging.cpp">
      <Filter>tests</Filter>
    </ClCompile>
    <ClCompile Include="..\ReCpp\src\rpp\file_io.cpp">
      <Filter>tests</Filter>
    </ClCompile>
    <ClCompile Include="..\ReCpp\src\rpp\paths.cpp">
      <Filter>tests</Filter>
    </ClCompile>
    <ClCompile Include="..\ReCpp\src\rpp\sprint.cpp">
      <Filter>tests</Filter>
    </ClCompile>
    <ClCompile Include="..\ReCpp\src\rpp\strview.cpp">
      <Filter>tests</Filter>
    </ClCompile>
    <ClCompile Include="..\ReCpp\src\rpp\tests.cpp">
      <Filter>tests</Filter>
    </ClCompile>
    <ClCompile Include="..\ReCpp\src\rpp\timer.cpp">
      <Filter>tests</Filter>
    </ClCompile>
    <ClCompile Include="..\ReCpp\src\rpp\vec.cpp">
      <Filter>tests</Filter>
    </ClCompile>
  </ItemGroup>
  <ItemGroup>
    <ClInclude Include="..\3rdparty\imgui\imgui.h">
      <Filter>imgui</Filter>
    </ClInclude>
    <ClInclude Include="..\3rdparty\imgui\imstb_rectpack.h">
      <Filter>imgui</Filter>
    </ClInclude>
    <ClInclude Include="..\3rdparty\imgui\imstb_textedit.h">
      <Filter>imgui</Filter>
    </ClInclude>
    <ClInclude Include="..\3rdparty\imgui\imstb_truetype.h">
      <Filter>imgui</Filter>
    </ClInclude>
    <ClInclude Include="..\3rdparty\imgui\imconfig.h">
      <Filter>imgui</Filter>
    </ClInclude>
    <ClInclude Include="..\3rdparty\imgui\imgui_impl_dx11.h">
      <Filter>imgui</Filter>
    </ClInclude>
    <ClInclude Include="DebugGfxWindow.h">
      <Filter>tests</Filter>
    </ClInclude>
    <ClInclude Include="..\3rdparty\imgui\imgui_impl_win32.h">
      <Filter>imgui</Filter>
    </ClInclude>
    <ClInclude Include="SpatialSimObject.h">
      <Filter>tests</Filter>
    </ClInclude>
    <ClInclude Include="SpatialSimUtils.h">
      <Filter>tests</Filter>
    </ClInclude>
    <ClInclude Include="Simulation.h">
      <Filter>tests</Filter>
    </ClInclude>
    <ClInclude Include="SimParams.h">
      <Filter>tests</Filter>
    </ClInclude>
    <ClInclude Include="LoyaltyFilterType.h">
      <Filter>tests</Filter>
    </ClInclude>
    <ClInclude Include="..\ReCpp\src\rpp\collections.h" />
    <ClInclude Include="..\ReCpp\src\rpp\config.h" />
    <ClInclude Include="..\ReCpp\src\rpp\debugging.h" />
    <ClInclude Include="..\ReCpp\src\rpp\file_io.h" />
    <ClInclude Include="..\ReCpp\src\rpp\paths.h" />
    <ClInclude Include="..\ReCpp\src\rpp\sprint.h" />
    <ClInclude Include="..\ReCpp\src\rpp\strview.h" />
    <ClInclude Include="..\ReCpp\src\rpp\tests.h" />
    <ClInclude Include="..\ReCpp\src\rpp\timer.h" />
    <ClInclude Include="..\ReCpp\src\rpp\vec.h" />
  </ItemGroup>
  <ItemGroup>
    <Natvis Include="..\ReCpp\src\rpp\strview.natvis" />
    <Natvis Include="..\ReCpp\src\rpp\vec.natvis" />
  </ItemGroup>
</Project>