<?xml version="1.0" encoding="utf-8"?>
<Project ToolsVersion="4.0" xmlns="http://schemas.microsoft.com/developer/msbuild/2003">
  <ItemGroup>
    <Filter Include="tests">
      <UniqueIdentifier>{4FC737F1-C7A5-4376-A066-2A32D752A2FF}</UniqueIdentifier>
      <Extensions>cpp;c;cc;cxx;c++;cppm;ixx;def;odl;idl;hpj;bat;asm;asmx</Extensions>
    </Filter>
    <Filter Include="rpp">
      <UniqueIdentifier>{24a894f8-e70e-4705-b666-d327393c35ec}</UniqueIdentifier>
    </Filter>
  </ItemGroup>
  <ItemGroup>
    <ClCompile Include="tests_main.cpp">
      <Filter>tests</Filter>
    </ClCompile>
    <ClCompile Include="..\ReCpp\rpp\debugging.cpp">
      <Filter>rpp</Filter>
    </ClCompile>
    <ClCompile Include="..\ReCpp\rpp\file_io.cpp">
      <Filter>rpp</Filter>
    </ClCompile>
    <ClCompile Include="..\ReCpp\rpp\sprint.cpp">
      <Filter>rpp</Filter>
    </ClCompile>
    <ClCompile Include="..\ReCpp\rpp\strview.cpp">
      <Filter>rpp</Filter>
    </ClCompile>
    <ClCompile Include="..\ReCpp\rpp\vec.cpp">
      <Filter>rpp</Filter>
    </ClCompile>
    <ClCompile Include="..\ReCpp\rpp\tests.cpp">
      <Filter>rpp</Filter>
    </ClCompile>
    <ClCompile Include="TestQuadTree.cpp">
      <Filter>tests</Filter>
    </ClCompile>
    <ClCompile Include="..\ReCpp\rpp\timer.cpp">
      <Filter>rpp</Filter>
    </ClCompile>
  </ItemGroup>
  <ItemGroup>
    <ClInclude Include="..\ReCpp\rpp\collections.h">
      <Filter>rpp</Filter>
    </ClInclude>
    <ClInclude Include="..\ReCpp\rpp\config.h">
      <Filter>rpp</Filter>
    </ClInclude>
    <ClInclude Include="..\ReCpp\rpp\debugging.h">
      <Filter>rpp</Filter>
    </ClInclude>
    <ClInclude Include="..\ReCpp\rpp\file_io.h">
      <Filter>rpp</Filter>
    </ClInclude>
    <ClInclude Include="..\ReCpp\rpp\sprint.h">
      <Filter>rpp</Filter>
    </ClInclude>
    <ClInclude Include="..\ReCpp\rpp\strview.h">
      <Filter>rpp</Filter>
    </ClInclude>
    <ClInclude Include="..\ReCpp\rpp\vec.h">
      <Filter>rpp</Filter>
    </ClInclude>
    <ClInclude Include="..\ReCpp\rpp\tests.h">
      <Filter>rpp</Filter>
    </ClInclude>
    <ClInclude Include="..\ReCpp\rpp\timer.h">
      <Filter>rpp</Filter>
    </ClInclude>
  </ItemGroup>
  <ItemGroup>
    <Natvis Include="..\ReCpp\rpp\strview.natvis">
      <Filter>rpp</Filter>
    </Natvis>
    <Natvis Include="..\ReCpp\rpp\vec.natvis">
      <Filter>rpp</Filter>
    </Natvis>
  </ItemGroup>
</Project>